
Microsoft Visual Studio Solution File, Format Version 12.00
# Visual Studio 15
VisualStudioVersion = 15.0.28307.438
MinimumVisualStudioVersion = 10.0.40219.1
Project("{FAE04EC0-301F-11D3-BF4B-00C04F79EFBC}") = "JamLib", "JamLib\JamLib.csproj", "{5AD42585-0F07-4F6C-A03B-52E4F3869279}"
EndProject
Project("{FAE04EC0-301F-11D3-BF4B-00C04F79EFBC}") = "SandBox", "SandBox\SandBox.csproj", "{2D18FA43-BBE8-4AEF-8B26-22F864544FAB}"
EndProject
Global
	GlobalSection(SolutionConfigurationPlatforms) = preSolution
		Debug|Any CPU = Debug|Any CPU
		Release|Any CPU = Release|Any CPU
	EndGlobalSection
	GlobalSection(ProjectConfigurationPlatforms) = postSolution
		{5AD42585-0F07-4F6C-A03B-52E4F3869279}.Debug|Any CPU.ActiveCfg = Debug|Any CPU
		{5AD42585-0F07-4F6C-A03B-52E4F3869279}.Debug|Any CPU.Build.0 = Debug|Any CPU
		{5AD42585-0F07-4F6C-A03B-52E4F3869279}.Release|Any CPU.ActiveCfg = Release|Any CPU
		{5AD42585-0F07-4F6C-A03B-52E4F3869279}.Release|Any CPU.Build.0 = Release|Any CPU
		{2D18FA43-BBE8-4AEF-8B26-22F864544FAB}.Debug|Any CPU.ActiveCfg = Debug|Any CPU
		{2D18FA43-BBE8-4AEF-8B26-22F864544FAB}.Debug|Any CPU.Build.0 = Debug|Any CPU
		{2D18FA43-BBE8-4AEF-8B26-22F864544FAB}.Release|Any CPU.ActiveCfg = Release|Any CPU
		{2D18FA43-BBE8-4AEF-8B26-22F864544FAB}.Release|Any CPU.Build.0 = Release|Any CPU
	EndGlobalSection
	GlobalSection(SolutionProperties) = preSolution
		HideSolutionNode = FALSE
	EndGlobalSection
	GlobalSection(ExtensibilityGlobals) = postSolution
		SolutionGuid = {15F7E208-784A-437E-9FAA-F35D8F47007D}
	EndGlobalSection
EndGlobal
